
Microsoft Visual Studio Solution File, Format Version 12.00
# Visual Studio Version 17
VisualStudioVersion = 17.0.31903.59
MinimumVisualStudioVersion = 10.0.40219.1
Project("{2150E333-8FDC-42A3-9474-1A3956D46DE8}") = "src", "src", "{9860CCC1-525B-40E1-84E8-26E6D45D8959}"
EndProject
Project("{2150E333-8FDC-42A3-9474-1A3956D46DE8}") = "client", "client", "{D4BB54E5-DB50-47D8-BC68-B7A91FC0F58D}"
EndProject
Project("{2150E333-8FDC-42A3-9474-1A3956D46DE8}") = "server", "server", "{9F0393DF-D08E-4981-9FC6-7604DF109649}"
EndProject
Project("{9A19103F-16F7-4668-BE54-9A1E7A4F7556}") = "ITS.ClientApi", "src\server\ITS.ClientApi\ITS.ClientApi.csproj", "{7ED3FCFC-DE93-4ABA-9D71-485832D022B5}"
EndProject
Project("{9A19103F-16F7-4668-BE54-9A1E7A4F7556}") = "ITS.Business", "src\server\ITS.Business\ITS.Business.csproj", "{7469A11E-A8E4-411C-9A63-0559B2F28CBD}"
EndProject
Project("{9A19103F-16F7-4668-BE54-9A1E7A4F7556}") = "ITS.Data", "src\server\ITS.Data\ITS.Data.csproj", "{FB2F72B0-62BD-42C2-A33C-22C3F82E77E1}"
EndProject
Project("{FAE04EC0-301F-11D3-BF4B-00C04F79EFBC}") = "ITS.WpfClient", "src\client\ITS.WpfClient\ITS.WpfClient.csproj", "{BE3A229C-FE5A-473C-95FB-D794B323C315}"
EndProject
Project("{FAE04EC0-301F-11D3-BF4B-00C04F79EFBC}") = "ITS.Models", "src\client\ITS.Models\ITS.Models.csproj", "{3C50C0D5-7D68-45B7-ADB4-F94FFAF882C3}"
EndProject
Project("{FAE04EC0-301F-11D3-BF4B-00C04F79EFBC}") = "ITS.ViewModels", "src\client\ITS.ViewModels\ITS.ViewModels.csproj", "{381F0EF0-7334-4853-8A29-D63AA2E12BBB}"
EndProject
Project("{FAE04EC0-301F-11D3-BF4B-00C04F79EFBC}") = "ITS.Services", "src\client\ITS.Services\ITS.Services.csproj", "{9D3C5AE2-C62B-4961-83D7-9E2F372C734E}"
EndProject
Global
	GlobalSection(SolutionConfigurationPlatforms) = preSolution
		Debug|Any CPU = Debug|Any CPU
		Release|Any CPU = Release|Any CPU
	EndGlobalSection
	GlobalSection(ProjectConfigurationPlatforms) = postSolution
		{7ED3FCFC-DE93-4ABA-9D71-485832D022B5}.Debug|Any CPU.ActiveCfg = Debug|Any CPU
		{7ED3FCFC-DE93-4ABA-9D71-485832D022B5}.Debug|Any CPU.Build.0 = Debug|Any CPU
		{7ED3FCFC-DE93-4ABA-9D71-485832D022B5}.Release|Any CPU.ActiveCfg = Release|Any CPU
		{7ED3FCFC-DE93-4ABA-9D71-485832D022B5}.Release|Any CPU.Build.0 = Release|Any CPU
		{7469A11E-A8E4-411C-9A63-0559B2F28CBD}.Debug|Any CPU.ActiveCfg = Debug|Any CPU
		{7469A11E-A8E4-411C-9A63-0559B2F28CBD}.Debug|Any CPU.Build.0 = Debug|Any CPU
		{7469A11E-A8E4-411C-9A63-0559B2F28CBD}.Release|Any CPU.ActiveCfg = Release|Any CPU
		{7469A11E-A8E4-411C-9A63-0559B2F28CBD}.Release|Any CPU.Build.0 = Release|Any CPU
		{FB2F72B0-62BD-42C2-A33C-22C3F82E77E1}.Debug|Any CPU.ActiveCfg = Debug|Any CPU
		{FB2F72B0-62BD-42C2-A33C-22C3F82E77E1}.Debug|Any CPU.Build.0 = Debug|Any CPU
		{FB2F72B0-62BD-42C2-A33C-22C3F82E77E1}.Release|Any CPU.ActiveCfg = Release|Any CPU
		{FB2F72B0-62BD-42C2-A33C-22C3F82E77E1}.Release|Any CPU.Build.0 = Release|Any CPU
		{BE3A229C-FE5A-473C-95FB-D794B323C315}.Debug|Any CPU.ActiveCfg = Debug|Any CPU
		{BE3A229C-FE5A-473C-95FB-D794B323C315}.Debug|Any CPU.Build.0 = Debug|Any CPU
		{BE3A229C-FE5A-473C-95FB-D794B323C315}.Release|Any CPU.ActiveCfg = Release|Any CPU
		{BE3A229C-FE5A-473C-95FB-D794B323C315}.Release|Any CPU.Build.0 = Release|Any CPU
		{3C50C0D5-7D68-45B7-ADB4-F94FFAF882C3}.Debug|Any CPU.ActiveCfg = Debug|Any CPU
		{3C50C0D5-7D68-45B7-ADB4-F94FFAF882C3}.Debug|Any CPU.Build.0 = Debug|Any CPU
		{3C50C0D5-7D68-45B7-ADB4-F94FFAF882C3}.Release|Any CPU.ActiveCfg = Release|Any CPU
		{3C50C0D5-7D68-45B7-ADB4-F94FFAF882C3}.Release|Any CPU.Build.0 = Release|Any CPU
		{381F0EF0-7334-4853-8A29-D63AA2E12BBB}.Debug|Any CPU.ActiveCfg = Debug|Any CPU
		{381F0EF0-7334-4853-8A29-D63AA2E12BBB}.Debug|Any CPU.Build.0 = Debug|Any CPU
		{381F0EF0-7334-4853-8A29-D63AA2E12BBB}.Release|Any CPU.ActiveCfg = Release|Any CPU
		{381F0EF0-7334-4853-8A29-D63AA2E12BBB}.Release|Any CPU.Build.0 = Release|Any CPU
		{9D3C5AE2-C62B-4961-83D7-9E2F372C734E}.Debug|Any CPU.ActiveCfg = Debug|Any CPU
		{9D3C5AE2-C62B-4961-83D7-9E2F372C734E}.Debug|Any CPU.Build.0 = Debug|Any CPU
		{9D3C5AE2-C62B-4961-83D7-9E2F372C734E}.Release|Any CPU.ActiveCfg = Release|Any CPU
		{9D3C5AE2-C62B-4961-83D7-9E2F372C734E}.Release|Any CPU.Build.0 = Release|Any CPU
	EndGlobalSection
	GlobalSection(SolutionProperties) = preSolution
		HideSolutionNode = FALSE
	EndGlobalSection
	GlobalSection(NestedProjects) = preSolution
		{D4BB54E5-DB50-47D8-BC68-B7A91FC0F58D} = {9860CCC1-525B-40E1-84E8-26E6D45D8959}
		{9F0393DF-D08E-4981-9FC6-7604DF109649} = {9860CCC1-525B-40E1-84E8-26E6D45D8959}
		{7ED3FCFC-DE93-4ABA-9D71-485832D022B5} = {9F0393DF-D08E-4981-9FC6-7604DF109649}
		{7469A11E-A8E4-411C-9A63-0559B2F28CBD} = {9F0393DF-D08E-4981-9FC6-7604DF109649}
		{FB2F72B0-62BD-42C2-A33C-22C3F82E77E1} = {9F0393DF-D08E-4981-9FC6-7604DF109649}
		{BE3A229C-FE5A-473C-95FB-D794B323C315} = {D4BB54E5-DB50-47D8-BC68-B7A91FC0F58D}
		{3C50C0D5-7D68-45B7-ADB4-F94FFAF882C3} = {D4BB54E5-DB50-47D8-BC68-B7A91FC0F58D}
		{381F0EF0-7334-4853-8A29-D63AA2E12BBB} = {D4BB54E5-DB50-47D8-BC68-B7A91FC0F58D}
		{9D3C5AE2-C62B-4961-83D7-9E2F372C734E} = {D4BB54E5-DB50-47D8-BC68-B7A91FC0F58D}
	EndGlobalSection
	GlobalSection(ExtensibilityGlobals) = postSolution
		SolutionGuid = {EF49B9F8-B861-49BB-9F0A-C6459F42453C}
	EndGlobalSection
EndGlobal
